
Microsoft Visual Studio Solution File, Format Version 12.00
# Visual Studio Version 17
VisualStudioVersion = 17.5.33530.505
MinimumVisualStudioVersion = 10.0.40219.1
Project("{9A19103F-16F7-4668-BE54-9A1E7A4F7556}") = "StockMarket", "StockMarket\StockMarket.csproj", "{00755011-174D-4D0A-AE96-E29C5C21FA8C}"
EndProject
Project("{9A19103F-16F7-4668-BE54-9A1E7A4F7556}") = "Services", "Services\Services.csproj", "{DDF9F303-30C4-4719-AE25-FB803F6E8C87}"
EndProject
Project("{9A19103F-16F7-4668-BE54-9A1E7A4F7556}") = "ServiceContracts", "ServiceContracts\ServiceContracts.csproj", "{C0408D77-8E41-4BB1-92F6-FAD3B01A8BDA}"
EndProject
Project("{FAE04EC0-301F-11D3-BF4B-00C04F79EFBC}") = "Entities", "Entities\Entities.csproj", "{CAD19D90-B46B-46EA-8298-4EEAD4A3AF54}"
EndProject
Project("{FAE04EC0-301F-11D3-BF4B-00C04F79EFBC}") = "Test", "Test\Test.csproj", "{2F15D98E-E582-4A94-8B6E-4554B06240DC}"
EndProject
Global
	GlobalSection(SolutionConfigurationPlatforms) = preSolution
		Debug|Any CPU = Debug|Any CPU
		Release|Any CPU = Release|Any CPU
	EndGlobalSection
	GlobalSection(ProjectConfigurationPlatforms) = postSolution
		{00755011-174D-4D0A-AE96-E29C5C21FA8C}.Debug|Any CPU.ActiveCfg = Debug|Any CPU
		{00755011-174D-4D0A-AE96-E29C5C21FA8C}.Debug|Any CPU.Build.0 = Debug|Any CPU
		{00755011-174D-4D0A-AE96-E29C5C21FA8C}.Release|Any CPU.ActiveCfg = Release|Any CPU
		{00755011-174D-4D0A-AE96-E29C5C21FA8C}.Release|Any CPU.Build.0 = Release|Any CPU
		{DDF9F303-30C4-4719-AE25-FB803F6E8C87}.Debug|Any CPU.ActiveCfg = Debug|Any CPU
		{DDF9F303-30C4-4719-AE25-FB803F6E8C87}.Debug|Any CPU.Build.0 = Debug|Any CPU
		{DDF9F303-30C4-4719-AE25-FB803F6E8C87}.Release|Any CPU.ActiveCfg = Release|Any CPU
		{DDF9F303-30C4-4719-AE25-FB803F6E8C87}.Release|Any CPU.Build.0 = Release|Any CPU
		{C0408D77-8E41-4BB1-92F6-FAD3B01A8BDA}.Debug|Any CPU.ActiveCfg = Debug|Any CPU
		{C0408D77-8E41-4BB1-92F6-FAD3B01A8BDA}.Debug|Any CPU.Build.0 = Debug|Any CPU
		{C0408D77-8E41-4BB1-92F6-FAD3B01A8BDA}.Release|Any CPU.ActiveCfg = Release|Any CPU
		{C0408D77-8E41-4BB1-92F6-FAD3B01A8BDA}.Release|Any CPU.Build.0 = Release|Any CPU
		{CAD19D90-B46B-46EA-8298-4EEAD4A3AF54}.Debug|Any CPU.ActiveCfg = Debug|Any CPU
		{CAD19D90-B46B-46EA-8298-4EEAD4A3AF54}.Debug|Any CPU.Build.0 = Debug|Any CPU
		{CAD19D90-B46B-46EA-8298-4EEAD4A3AF54}.Release|Any CPU.ActiveCfg = Release|Any CPU
		{CAD19D90-B46B-46EA-8298-4EEAD4A3AF54}.Release|Any CPU.Build.0 = Release|Any CPU
		{2F15D98E-E582-4A94-8B6E-4554B06240DC}.Debug|Any CPU.ActiveCfg = Debug|Any CPU
		{2F15D98E-E582-4A94-8B6E-4554B06240DC}.Debug|Any CPU.Build.0 = Debug|Any CPU
		{2F15D98E-E582-4A94-8B6E-4554B06240DC}.Release|Any CPU.ActiveCfg = Release|Any CPU
		{2F15D98E-E582-4A94-8B6E-4554B06240DC}.Release|Any CPU.Build.0 = Release|Any CPU
	EndGlobalSection
	GlobalSection(SolutionProperties) = preSolution
		HideSolutionNode = FALSE
	EndGlobalSection
	GlobalSection(ExtensibilityGlobals) = postSolution
		SolutionGuid = {10BF24EE-3F0B-4983-9AD5-09E7EEECC5A6}
	EndGlobalSection
EndGlobal
